
Microsoft Visual Studio Solution File, Format Version 12.00
# Visual Studio Version 17
VisualStudioVersion = 17.11.35327.3
MinimumVisualStudioVersion = 10.0.40219.1
Project("{2150E333-8FDC-42A3-9474-1A3956D46DE8}") = "Task0", "Task0", "{311B16BC-91E6-47E6-88CB-EC55879E93B3}"
EndProject
Project("{FAE04EC0-301F-11D3-BF4B-00C04F79EFBC}") = "Tyuiu.KardonKD.Sprint2.Task0.V10", "Tyuiu.KardonKD.Sprint2.Task0.V10\Tyuiu.KardonKD.Sprint2.Task0.V10.csproj", "{7B1F3B93-BA4D-496A-94B7-D86723801BDA}"
EndProject
Project("{FAE04EC0-301F-11D3-BF4B-00C04F79EFBC}") = "Tyuiu.KardonKD.Sprint2.Task0.V10.Test", "Tyuiu.KardonKD.Sprint2.Task0.V10.Test\Tyuiu.KardonKD.Sprint2.Task0.V10.Test.csproj", "{296B57BD-C4ED-4267-8ECB-58549F12F9B3}"
EndProject
Project("{FAE04EC0-301F-11D3-BF4B-00C04F79EFBC}") = "Tyuiu.KardonKD.Sprint2.Task0.V10.Lib", "Tyuiu.KardonKD.Sprint2.Task0.V10.Lib\Tyuiu.KardonKD.Sprint2.Task0.V10.Lib.csproj", "{A880C693-51D7-4F12-95F8-D3FB38D2EC04}"
EndProject
Project("{2150E333-8FDC-42A3-9474-1A3956D46DE8}") = "Task1", "Task1", "{1CCD5C8E-FB8D-478F-BF9A-644608F7C81E}"
EndProject
Project("{FAE04EC0-301F-11D3-BF4B-00C04F79EFBC}") = "Tyuiu.KardonKD.Sprint2.Task1.V28.Lib", "Tyuiu.KardonKD.Sprint2.Task1.V28.Lib\Tyuiu.KardonKD.Sprint2.Task1.V28.Lib.csproj", "{6688CE82-5AF1-4DD9-BB72-14D97FD457C3}"
EndProject
Project("{FAE04EC0-301F-11D3-BF4B-00C04F79EFBC}") = "Tyuiu.KardonKD.Sprint2.Task1.V28.Test", "Tyuiu.KardonKD.Sprint2.Task1.V28.Test\Tyuiu.KardonKD.Sprint2.Task1.V28.Test.csproj", "{AE74A568-FED4-450C-81F4-0B91ADD51590}"
EndProject
Project("{FAE04EC0-301F-11D3-BF4B-00C04F79EFBC}") = "Tyuiu.KardonKD.Sprint2.Task1.V28", "Tyuiu.KardonKD.Sprint2.Task1.V28\Tyuiu.KardonKD.Sprint2.Task1.V28.csproj", "{0F0F0823-789D-48A1-845F-FF8413A0CDE9}"
EndProject
Project("{2150E333-8FDC-42A3-9474-1A3956D46DE8}") = "Task2", "Task2", "{E918F90F-2221-4B20-AA5E-C66DFCAE0882}"
EndProject
Project("{FAE04EC0-301F-11D3-BF4B-00C04F79EFBC}") = "Tyuiu.KardonKD.Sprint2.Task2.V12", "Tyuiu.KardonKD.Sprint2.Task2.V12\Tyuiu.KardonKD.Sprint2.Task2.V12.csproj", "{5BE3234C-F008-44AC-A375-11BFA9848340}"
EndProject
Project("{FAE04EC0-301F-11D3-BF4B-00C04F79EFBC}") = "Tyuiu.KardonKD.Sprint2.Task2.V12.Test", "Tyuiu.KardonKD.Sprint2.Task2.V12.Test\Tyuiu.KardonKD.Sprint2.Task2.V12.Test.csproj", "{C610504D-A411-4943-8290-C9B2C7050B92}"
EndProject
Project("{FAE04EC0-301F-11D3-BF4B-00C04F79EFBC}") = "Tyuiu.KardonKD.Sprint2.Task2.V12.Lib", "Tyuiu.KardonKD.Sprint2.Task2.V12.Lib\Tyuiu.KardonKD.Sprint2.Task2.V12.Lib.csproj", "{51CB8A7D-CA9D-44EB-B7B5-8ED1434ED647}"
EndProject
Project("{2150E333-8FDC-42A3-9474-1A3956D46DE8}") = "Task3", "Task3", "{1F30256C-72F8-422F-9D01-724DC4C4F39B}"
EndProject
Project("{FAE04EC0-301F-11D3-BF4B-00C04F79EFBC}") = "Tyuiu.KardonKD.Sprint2.Task3.V1", "Tyuiu.KardonKD.Sprint2.Task3.V1\Tyuiu.KardonKD.Sprint2.Task3.V1.csproj", "{C46D43D7-5C76-4E6E-812C-5F092F7DEE08}"
EndProject
Project("{FAE04EC0-301F-11D3-BF4B-00C04F79EFBC}") = "Tyuiu.KardonKD.Sprint2.Task3.V1.Lib", "Tyuiu.KardonKD.Sprint2.Task3.V1.Lib\Tyuiu.KardonKD.Sprint2.Task3.V1.Lib.csproj", "{1040FCD5-8B92-4B8A-89A7-86F24B789ABA}"
EndProject
Project("{FAE04EC0-301F-11D3-BF4B-00C04F79EFBC}") = "Tyuiu.KardonKD.Sprint2.Task3.V1.Test", "Tyuiu.KardonKD.Sprint2.Task3.V1.Test\Tyuiu.KardonKD.Sprint2.Task3.V1.Test.csproj", "{671B494C-0A39-423F-8F98-FAE271DC9CE2}"
EndProject
Project("{2150E333-8FDC-42A3-9474-1A3956D46DE8}") = "Task4", "Task4", "{9B16D59A-6D85-4923-B89B-89FF3036B766}"
EndProject
Project("{FAE04EC0-301F-11D3-BF4B-00C04F79EFBC}") = "Tyuiu.KardonKD.Sprint2.Task4.V5.Test", "Tyuiu.KardonKD.Sprint2.Task4.V5.Test\Tyuiu.KardonKD.Sprint2.Task4.V5.Test.csproj", "{3B4A267C-A844-4B26-8439-28AE32664224}"
EndProject
Project("{FAE04EC0-301F-11D3-BF4B-00C04F79EFBC}") = "Tyuiu.KardonKD.Sprint2.Task4.V5.Lib", "Tyuiu.KardonKD.Sprint2.Task4.V5.Lib\Tyuiu.KardonKD.Sprint2.Task4.V5.Lib.csproj", "{5B0DE876-7F84-457C-B6DC-3B10DCE9DFCF}"
EndProject
Project("{FAE04EC0-301F-11D3-BF4B-00C04F79EFBC}") = "Tyuiu.KardonKD.Sprint2.Task4.V5", "Tyuiu.KardonKD.Sprint2.Task4.V5\Tyuiu.KardonKD.Sprint2.Task4.V5.csproj", "{0C0641E0-D00D-4E2A-824B-5AAF9B8B0B78}"
EndProject
Global
	GlobalSection(SolutionConfigurationPlatforms) = preSolution
		Debug|Any CPU = Debug|Any CPU
		Release|Any CPU = Release|Any CPU
	EndGlobalSection
	GlobalSection(ProjectConfigurationPlatforms) = postSolution
		{7B1F3B93-BA4D-496A-94B7-D86723801BDA}.Debug|Any CPU.ActiveCfg = Debug|Any CPU
		{7B1F3B93-BA4D-496A-94B7-D86723801BDA}.Debug|Any CPU.Build.0 = Debug|Any CPU
		{7B1F3B93-BA4D-496A-94B7-D86723801BDA}.Release|Any CPU.ActiveCfg = Release|Any CPU
		{7B1F3B93-BA4D-496A-94B7-D86723801BDA}.Release|Any CPU.Build.0 = Release|Any CPU
		{296B57BD-C4ED-4267-8ECB-58549F12F9B3}.Debug|Any CPU.ActiveCfg = Debug|Any CPU
		{296B57BD-C4ED-4267-8ECB-58549F12F9B3}.Debug|Any CPU.Build.0 = Debug|Any CPU
		{296B57BD-C4ED-4267-8ECB-58549F12F9B3}.Release|Any CPU.ActiveCfg = Release|Any CPU
		{296B57BD-C4ED-4267-8ECB-58549F12F9B3}.Release|Any CPU.Build.0 = Release|Any CPU
		{A880C693-51D7-4F12-95F8-D3FB38D2EC04}.Debug|Any CPU.ActiveCfg = Debug|Any CPU
		{A880C693-51D7-4F12-95F8-D3FB38D2EC04}.Debug|Any CPU.Build.0 = Debug|Any CPU
		{A880C693-51D7-4F12-95F8-D3FB38D2EC04}.Release|Any CPU.ActiveCfg = Release|Any CPU
		{A880C693-51D7-4F12-95F8-D3FB38D2EC04}.Release|Any CPU.Build.0 = Release|Any CPU
		{6688CE82-5AF1-4DD9-BB72-14D97FD457C3}.Debug|Any CPU.ActiveCfg = Debug|Any CPU
		{6688CE82-5AF1-4DD9-BB72-14D97FD457C3}.Debug|Any CPU.Build.0 = Debug|Any CPU
		{6688CE82-5AF1-4DD9-BB72-14D97FD457C3}.Release|Any CPU.ActiveCfg = Release|Any CPU
		{6688CE82-5AF1-4DD9-BB72-14D97FD457C3}.Release|Any CPU.Build.0 = Release|Any CPU
		{AE74A568-FED4-450C-81F4-0B91ADD51590}.Debug|Any CPU.ActiveCfg = Debug|Any CPU
		{AE74A568-FED4-450C-81F4-0B91ADD51590}.Debug|Any CPU.Build.0 = Debug|Any CPU
		{AE74A568-FED4-450C-81F4-0B91ADD51590}.Release|Any CPU.ActiveCfg = Release|Any CPU
		{AE74A568-FED4-450C-81F4-0B91ADD51590}.Release|Any CPU.Build.0 = Release|Any CPU
		{0F0F0823-789D-48A1-845F-FF8413A0CDE9}.Debug|Any CPU.ActiveCfg = Debug|Any CPU
		{0F0F0823-789D-48A1-845F-FF8413A0CDE9}.Debug|Any CPU.Build.0 = Debug|Any CPU
		{0F0F0823-789D-48A1-845F-FF8413A0CDE9}.Release|Any CPU.ActiveCfg = Release|Any CPU
		{0F0F0823-789D-48A1-845F-FF8413A0CDE9}.Release|Any CPU.Build.0 = Release|Any CPU
		{5BE3234C-F008-44AC-A375-11BFA9848340}.Debug|Any CPU.ActiveCfg = Debug|Any CPU
		{5BE3234C-F008-44AC-A375-11BFA9848340}.Debug|Any CPU.Build.0 = Debug|Any CPU
		{5BE3234C-F008-44AC-A375-11BFA9848340}.Release|Any CPU.ActiveCfg = Release|Any CPU
		{5BE3234C-F008-44AC-A375-11BFA9848340}.Release|Any CPU.Build.0 = Release|Any CPU
		{C610504D-A411-4943-8290-C9B2C7050B92}.Debug|Any CPU.ActiveCfg = Debug|Any CPU
		{C610504D-A411-4943-8290-C9B2C7050B92}.Debug|Any CPU.Build.0 = Debug|Any CPU
		{C610504D-A411-4943-8290-C9B2C7050B92}.Release|Any CPU.ActiveCfg = Release|Any CPU
		{C610504D-A411-4943-8290-C9B2C7050B92}.Release|Any CPU.Build.0 = Release|Any CPU
		{51CB8A7D-CA9D-44EB-B7B5-8ED1434ED647}.Debug|Any CPU.ActiveCfg = Debug|Any CPU
		{51CB8A7D-CA9D-44EB-B7B5-8ED1434ED647}.Debug|Any CPU.Build.0 = Debug|Any CPU
		{51CB8A7D-CA9D-44EB-B7B5-8ED1434ED647}.Release|Any CPU.ActiveCfg = Release|Any CPU
		{51CB8A7D-CA9D-44EB-B7B5-8ED1434ED647}.Release|Any CPU.Build.0 = Release|Any CPU
		{C46D43D7-5C76-4E6E-812C-5F092F7DEE08}.Debug|Any CPU.ActiveCfg = Debug|Any CPU
		{C46D43D7-5C76-4E6E-812C-5F092F7DEE08}.Debug|Any CPU.Build.0 = Debug|Any CPU
		{C46D43D7-5C76-4E6E-812C-5F092F7DEE08}.Release|Any CPU.ActiveCfg = Release|Any CPU
		{C46D43D7-5C76-4E6E-812C-5F092F7DEE08}.Release|Any CPU.Build.0 = Release|Any CPU
		{1040FCD5-8B92-4B8A-89A7-86F24B789ABA}.Debug|Any CPU.ActiveCfg = Debug|Any CPU
		{1040FCD5-8B92-4B8A-89A7-86F24B789ABA}.Debug|Any CPU.Build.0 = Debug|Any CPU
		{1040FCD5-8B92-4B8A-89A7-86F24B789ABA}.Release|Any CPU.ActiveCfg = Release|Any CPU
		{1040FCD5-8B92-4B8A-89A7-86F24B789ABA}.Release|Any CPU.Build.0 = Release|Any CPU
		{671B494C-0A39-423F-8F98-FAE271DC9CE2}.Debug|Any CPU.ActiveCfg = Debug|Any CPU
		{671B494C-0A39-423F-8F98-FAE271DC9CE2}.Debug|Any CPU.Build.0 = Debug|Any CPU
		{671B494C-0A39-423F-8F98-FAE271DC9CE2}.Release|Any CPU.ActiveCfg = Release|Any CPU
		{671B494C-0A39-423F-8F98-FAE271DC9CE2}.Release|Any CPU.Build.0 = Release|Any CPU
		{3B4A267C-A844-4B26-8439-28AE32664224}.Debug|Any CPU.ActiveCfg = Debug|Any CPU
		{3B4A267C-A844-4B26-8439-28AE32664224}.Debug|Any CPU.Build.0 = Debug|Any CPU
		{3B4A267C-A844-4B26-8439-28AE32664224}.Release|Any CPU.ActiveCfg = Release|Any CPU
		{3B4A267C-A844-4B26-8439-28AE32664224}.Release|Any CPU.Build.0 = Release|Any CPU
		{5B0DE876-7F84-457C-B6DC-3B10DCE9DFCF}.Debug|Any CPU.ActiveCfg = Debug|Any CPU
		{5B0DE876-7F84-457C-B6DC-3B10DCE9DFCF}.Debug|Any CPU.Build.0 = Debug|Any CPU
		{5B0DE876-7F84-457C-B6DC-3B10DCE9DFCF}.Release|Any CPU.ActiveCfg = Release|Any CPU
		{5B0DE876-7F84-457C-B6DC-3B10DCE9DFCF}.Release|Any CPU.Build.0 = Release|Any CPU
		{0C0641E0-D00D-4E2A-824B-5AAF9B8B0B78}.Debug|Any CPU.ActiveCfg = Debug|Any CPU
		{0C0641E0-D00D-4E2A-824B-5AAF9B8B0B78}.Debug|Any CPU.Build.0 = Debug|Any CPU
		{0C0641E0-D00D-4E2A-824B-5AAF9B8B0B78}.Release|Any CPU.ActiveCfg = Release|Any CPU
		{0C0641E0-D00D-4E2A-824B-5AAF9B8B0B78}.Release|Any CPU.Build.0 = Release|Any CPU
	EndGlobalSection
	GlobalSection(SolutionProperties) = preSolution
		HideSolutionNode = FALSE
	EndGlobalSection
	GlobalSection(NestedProjects) = preSolution
		{7B1F3B93-BA4D-496A-94B7-D86723801BDA} = {311B16BC-91E6-47E6-88CB-EC55879E93B3}
		{296B57BD-C4ED-4267-8ECB-58549F12F9B3} = {311B16BC-91E6-47E6-88CB-EC55879E93B3}
		{A880C693-51D7-4F12-95F8-D3FB38D2EC04} = {311B16BC-91E6-47E6-88CB-EC55879E93B3}
		{6688CE82-5AF1-4DD9-BB72-14D97FD457C3} = {1CCD5C8E-FB8D-478F-BF9A-644608F7C81E}
		{AE74A568-FED4-450C-81F4-0B91ADD51590} = {1CCD5C8E-FB8D-478F-BF9A-644608F7C81E}
		{0F0F0823-789D-48A1-845F-FF8413A0CDE9} = {1CCD5C8E-FB8D-478F-BF9A-644608F7C81E}
		{5BE3234C-F008-44AC-A375-11BFA9848340} = {E918F90F-2221-4B20-AA5E-C66DFCAE0882}
		{C610504D-A411-4943-8290-C9B2C7050B92} = {E918F90F-2221-4B20-AA5E-C66DFCAE0882}
		{51CB8A7D-CA9D-44EB-B7B5-8ED1434ED647} = {E918F90F-2221-4B20-AA5E-C66DFCAE0882}
		{C46D43D7-5C76-4E6E-812C-5F092F7DEE08} = {1F30256C-72F8-422F-9D01-724DC4C4F39B}
		{1040FCD5-8B92-4B8A-89A7-86F24B789ABA} = {1F30256C-72F8-422F-9D01-724DC4C4F39B}
		{671B494C-0A39-423F-8F98-FAE271DC9CE2} = {1F30256C-72F8-422F-9D01-724DC4C4F39B}
		{3B4A267C-A844-4B26-8439-28AE32664224} = {9B16D59A-6D85-4923-B89B-89FF3036B766}
		{5B0DE876-7F84-457C-B6DC-3B10DCE9DFCF} = {9B16D59A-6D85-4923-B89B-89FF3036B766}
		{0C0641E0-D00D-4E2A-824B-5AAF9B8B0B78} = {9B16D59A-6D85-4923-B89B-89FF3036B766}
	EndGlobalSection
	GlobalSection(ExtensibilityGlobals) = postSolution
		SolutionGuid = {8CF636A3-195C-482F-B0D0-1290C1727FE6}
	EndGlobalSection
EndGlobal
